{
  "requires": true,
  "lockfileVersion": 1,
  "dependencies": {
    "async": {
      "version": "0.2.10",
      "resolved": "https://registry.npmjs.org/async/-/async-0.2.10.tgz",
      "integrity": "sha1-trvgsGdLnXGXCMo43owjfLUmw9E=",
      "dev": true
    },
    "buildjs.core": {
      "version": "0.1.2",
      "resolved": "https://registry.npmjs.org/buildjs.core/-/buildjs.core-0.1.2.tgz",
      "integrity": "sha1-WcAl0hSJa/zasyMDAk29hf5Vj08=",
      "dev": true
    },
    "debug": {
      "version": "4.1.1",
      "resolved": "https://registry.npmjs.org/debug/-/debug-4.1.1.tgz",
      "integrity": "sha512-pYAIzeRo8J6KPEaJ0VWOh5Pzkbw/RetuzehGM7QRRX5he4fPHx2rdKMB256ehJCkX+XRQm16eZLqLNS8RSZXZw==",
      "dev": true,
      "requires": {
        "ms": "^2.1.1"
      }
    },
    "duplexer": {
      "version": "0.1.1",
      "resolved": "https://registry.npmjs.org/duplexer/-/duplexer-0.1.1.tgz",
      "integrity": "sha1-rOb/gIwc5mtX0ev5eXessCM0z8E=",
      "dev": true
    },
    "event-stream": {
      "version": "3.1.7",
      "resolved": "https://registry.npmjs.org/event-stream/-/event-stream-3.1.7.tgz",
      "integrity": "sha1-tMVAAS0P4UmEIPPYlGAI22OTw3o=",
      "dev": true,
      "requires": {
        "duplexer": "~0.1.1",
        "from": "~0",
        "map-stream": "~0.1.0",
        "pause-stream": "0.0.11",
        "split": "0.2",
        "stream-combiner": "~0.0.4",
        "through": "~2.3.1"
      }
    },
    "from": {
      "version": "0.1.7",
      "resolved": "https://registry.npmjs.org/from/-/from-0.1.7.tgz",
      "integrity": "sha1-g8YK/Fi5xWmXAH7Rp2izqzA6RP4=",
      "dev": true
    },
    "getit": {
      "version": "0.4.2",
      "resolved": "https://registry.npmjs.org/getit/-/getit-0.4.2.tgz",
      "integrity": "sha1-kUnF5Vhl12fkJxK3ydDVGxv2vKE=",
      "dev": true,
      "requires": {
        "debug": "*",
        "hyperquest": "~0.3",
        "mkdirp": "~0.5",
        "urlish": "~0.1"
      }
    },
    "gulp-rigger": {
      "version": "0.5.8",
      "resolved": "https://registry.npmjs.org/gulp-rigger/-/gulp-rigger-0.5.8.tgz",
      "integrity": "sha1-5h4SsUe8Pthy8WwRD846bGPK1gA=",
      "dev": true,
      "requires": {
        "event-stream": "~3.1.0",
        "rigger": "~0.5.7"
      }
    },
    "hyperquest": {
      "version": "0.3.0",
      "resolved": "https://registry.npmjs.org/hyperquest/-/hyperquest-0.3.0.tgz",
      "integrity": "sha1-TDwGwHR1XpIfCaLbUa6l5ufuFV8=",
      "dev": true,
      "requires": {
        "duplexer": "~0.1.0",
        "through": "~2.2.0"
      },
      "dependencies": {
        "through": {
          "version": "2.2.7",
          "resolved": "https://registry.npmjs.org/through/-/through-2.2.7.tgz",
          "integrity": "sha1-bo4hIAGR1OtqmfbwEN9Gqhxusr0=",
          "dev": true
        }
      }
    },
    "map-stream": {
      "version": "0.1.0",
      "resolved": "https://registry.npmjs.org/map-stream/-/map-stream-0.1.0.tgz",
      "integrity": "sha1-5WqpTEyAVaFkBKBnS3jyFffI4ZQ=",
      "dev": true
    },
    "minimist": {
      "version": "1.2.5",
      "resolved": "https://registry.npmjs.org/minimist/-/minimist-1.2.5.tgz",
      "integrity": "sha512-FM9nNUYrRBAELZQT3xeZQ7fmMOBg6nWNmJKTcgsJeaLstP/UODVpGsr5OhXhhXg6f+qtJ8uiZ+PUxkDWcgIXLw==",
      "dev": true
    },
    "mkdirp": {
      "version": "0.5.5",
      "resolved": "https://registry.npmjs.org/mkdirp/-/mkdirp-0.5.5.tgz",
      "integrity": "sha512-NKmAlESf6jMGym1++R0Ra7wvhV+wFW63FaSOFPwRahvea0gMUcGUhVeAg/0BC0wiv9ih5NYPB1Wn1UEI1/L+xQ==",
      "dev": true,
      "requires": {
        "minimist": "^1.2.5"
      }
    },
    "ms": {
      "version": "2.1.2",
      "resolved": "https://registry.npmjs.org/ms/-/ms-2.1.2.tgz",
      "integrity": "sha512-sGkPx+VjMtmA6MX27oA4FBFELFCZZ4S4XqeGOXCv68tT+jb3vk/RyaKWP0PTKyWtmLSM0b+adUTEvbs1PEaH2w==",
      "dev": true
    },
    "pause-stream": {
      "version": "0.0.11",
      "resolved": "https://registry.npmjs.org/pause-stream/-/pause-stream-0.0.11.tgz",
      "integrity": "sha1-/lo0sMvOErWqaitAPuLnO2AvFEU=",
      "dev": true,
      "requires": {
        "through": "~2.3"
      }
    },
    "rigger": {
      "version": "0.5.10",
      "resolved": "https://registry.npmjs.org/rigger/-/rigger-0.5.10.tgz",
      "integrity": "sha1-CnL3pJf3akvqm6epCsQmSWTFz24=",
      "dev": true,
      "requires": {
        "async": "~0.2",
        "buildjs.core": "~0.1",
        "debug": "*",
        "getit": "~0.4.0",
        "underscore": "~1.6.0"
      }
    },
    "split": {
      "version": "0.2.10",
      "resolved": "https://registry.npmjs.org/split/-/split-0.2.10.tgz",
      "integrity": "sha1-Zwl8YB1pfOE2j0GPBs0gHPBSGlc=",
      "dev": true,
      "requires": {
        "through": "2"
      }
    },
    "stream-combiner": {
      "version": "0.0.4",
      "resolved": "https://registry.npmjs.org/stream-combiner/-/stream-combiner-0.0.4.tgz",
      "integrity": "sha1-TV5DPBhSYd3mI8o/RMWGvPXErRQ=",
      "dev": true,
      "requires": {
        "duplexer": "~0.1.1"
      }
    },
    "through": {
      "version": "2.3.8",
      "resolved": "https://registry.npmjs.org/through/-/through-2.3.8.tgz",
      "integrity": "sha1-DdTJ/6q8NXlgsbckEV1+Doai4fU=",
      "dev": true
    },
    "underscore": {
      "version": "1.6.0",
      "resolved": "https://registry.npmjs.org/underscore/-/underscore-1.6.0.tgz",
      "integrity": "sha1-izixDKze9jM3uLJOT/htRa6lKag=",
      "dev": true
    },
    "urlish": {
      "version": "0.1.0",
      "resolved": "https://registry.npmjs.org/urlish/-/urlish-0.1.0.tgz",
      "integrity": "sha1-EFwgHwaMXcmWyl/tr6Vz2iHcud4=",
      "dev": true
    }
  }
}
